
Microsoft Visual Studio Solution File, Format Version 12.00
# Visual Studio 14
VisualStudioVersion = 14.0.25420.1
MinimumVisualStudioVersion = 10.0.40219.1
Project("{FAE04EC0-301F-11D3-BF4B-00C04F79EFBC}") = "01.RecursiveNestedLoops", "01.RecursiveNestedLoops\01.RecursiveNestedLoops.csproj", "{90244955-1F36-42EB-8920-CDA0C27B6C51}"
EndProject
Project("{FAE04EC0-301F-11D3-BF4B-00C04F79EFBC}") = "02.KElementsNSet", "02.KElementsNSet\02.KElementsNSet.csproj", "{FFDB2293-2672-47EE-B581-32D02BB76618}"
EndProject
Project("{FAE04EC0-301F-11D3-BF4B-00C04F79EFBC}") = "03.NElementsKClass", "03.NElementsKClass\03.NElementsKClass.csproj", "{F8FF94B0-F487-48D8-9641-2B56D2EA9B9C}"
EndProject
Project("{FAE04EC0-301F-11D3-BF4B-00C04F79EFBC}") = "05.StringPt2", "05.StringPt2\05.StringPt2.csproj", "{DAAB21B9-DD1B-4D0E-A666-3390DDD776E0}"
EndProject
Project("{FAE04EC0-301F-11D3-BF4B-00C04F79EFBC}") = "04.Strings", "04.Strings\04.Strings.csproj", "{D78E119F-0041-4697-B288-82D2DC04A964}"
EndProject
Project("{FAE04EC0-301F-11D3-BF4B-00C04F79EFBC}") = "06.MergeSort", "06.MergeSort\06.MergeSort.csproj", "{90A25865-61A0-40FE-A347-214D8214B855}"
EndProject
Global
	GlobalSection(SolutionConfigurationPlatforms) = preSolution
		Debug|Any CPU = Debug|Any CPU
		Release|Any CPU = Release|Any CPU
	EndGlobalSection
	GlobalSection(ProjectConfigurationPlatforms) = postSolution
		{90244955-1F36-42EB-8920-CDA0C27B6C51}.Debug|Any CPU.ActiveCfg = Debug|Any CPU
		{90244955-1F36-42EB-8920-CDA0C27B6C51}.Debug|Any CPU.Build.0 = Debug|Any CPU
		{90244955-1F36-42EB-8920-CDA0C27B6C51}.Release|Any CPU.ActiveCfg = Release|Any CPU
		{90244955-1F36-42EB-8920-CDA0C27B6C51}.Release|Any CPU.Build.0 = Release|Any CPU
		{FFDB2293-2672-47EE-B581-32D02BB76618}.Debug|Any CPU.ActiveCfg = Debug|Any CPU
		{FFDB2293-2672-47EE-B581-32D02BB76618}.Debug|Any CPU.Build.0 = Debug|Any CPU
		{FFDB2293-2672-47EE-B581-32D02BB76618}.Release|Any CPU.ActiveCfg = Release|Any CPU
		{FFDB2293-2672-47EE-B581-32D02BB76618}.Release|Any CPU.Build.0 = Release|Any CPU
		{F8FF94B0-F487-48D8-9641-2B56D2EA9B9C}.Debug|Any CPU.ActiveCfg = Debug|Any CPU
		{F8FF94B0-F487-48D8-9641-2B56D2EA9B9C}.Debug|Any CPU.Build.0 = Debug|Any CPU
		{F8FF94B0-F487-48D8-9641-2B56D2EA9B9C}.Release|Any CPU.ActiveCfg = Release|Any CPU
		{F8FF94B0-F487-48D8-9641-2B56D2EA9B9C}.Release|Any CPU.Build.0 = Release|Any CPU
		{DAAB21B9-DD1B-4D0E-A666-3390DDD776E0}.Debug|Any CPU.ActiveCfg = Debug|Any CPU
		{DAAB21B9-DD1B-4D0E-A666-3390DDD776E0}.Debug|Any CPU.Build.0 = Debug|Any CPU
		{DAAB21B9-DD1B-4D0E-A666-3390DDD776E0}.Release|Any CPU.ActiveCfg = Release|Any CPU
		{DAAB21B9-DD1B-4D0E-A666-3390DDD776E0}.Release|Any CPU.Build.0 = Release|Any CPU
		{D78E119F-0041-4697-B288-82D2DC04A964}.Debug|Any CPU.ActiveCfg = Debug|Any CPU
		{D78E119F-0041-4697-B288-82D2DC04A964}.Debug|Any CPU.Build.0 = Debug|Any CPU
		{D78E119F-0041-4697-B288-82D2DC04A964}.Release|Any CPU.ActiveCfg = Release|Any CPU
		{D78E119F-0041-4697-B288-82D2DC04A964}.Release|Any CPU.Build.0 = Release|Any CPU
		{90A25865-61A0-40FE-A347-214D8214B855}.Debug|Any CPU.ActiveCfg = Debug|Any CPU
		{90A25865-61A0-40FE-A347-214D8214B855}.Debug|Any CPU.Build.0 = Debug|Any CPU
		{90A25865-61A0-40FE-A347-214D8214B855}.Release|Any CPU.ActiveCfg = Release|Any CPU
		{90A25865-61A0-40FE-A347-214D8214B855}.Release|Any CPU.Build.0 = Release|Any CPU
	EndGlobalSection
	GlobalSection(SolutionProperties) = preSolution
		HideSolutionNode = FALSE
	EndGlobalSection
EndGlobal
