
Microsoft Visual Studio Solution File, Format Version 12.00
# Visual Studio 14
VisualStudioVersion = 14.0.25123.0
MinimumVisualStudioVersion = 10.0.40219.1
Project("{FAE04EC0-301F-11D3-BF4B-00C04F79EFBC}") = "eighthProblem", "eighthProblem\eighthProblem.csproj", "{1BE970F6-A0F7-4672-80A1-21DBC553BE33}"
EndProject
Global
	GlobalSection(SolutionConfigurationPlatforms) = preSolution
		Debug|Any CPU = Debug|Any CPU
		Release|Any CPU = Release|Any CPU
	EndGlobalSection
	GlobalSection(ProjectConfigurationPlatforms) = postSolution
		{1BE970F6-A0F7-4672-80A1-21DBC553BE33}.Debug|Any CPU.ActiveCfg = Debug|Any CPU
		{1BE970F6-A0F7-4672-80A1-21DBC553BE33}.Debug|Any CPU.Build.0 = Debug|Any CPU
		{1BE970F6-A0F7-4672-80A1-21DBC553BE33}.Release|Any CPU.ActiveCfg = Release|Any CPU
		{1BE970F6-A0F7-4672-80A1-21DBC553BE33}.Release|Any CPU.Build.0 = Release|Any CPU
	EndGlobalSection
	GlobalSection(SolutionProperties) = preSolution
		HideSolutionNode = FALSE
	EndGlobalSection
EndGlobal
