
Microsoft Visual Studio Solution File, Format Version 12.00
# Visual Studio 14
VisualStudioVersion = 14.0.25420.1
MinimumVisualStudioVersion = 10.0.40219.1
Project("{FAE04EC0-301F-11D3-BF4B-00C04F79EFBC}") = "01.IndexTimesFive", "01.IndexTimesFive\01.IndexTimesFive.csproj", "{D3ABD646-09D0-4811-BEB1-E0304F047FE1}"
EndProject
Project("{FAE04EC0-301F-11D3-BF4B-00C04F79EFBC}") = "02.EqualArrays", "02.EqualArrays\02.EqualArrays.csproj", "{8269EA54-E7BD-42AD-AB0F-8D282D43B4CB}"
EndProject
Project("{FAE04EC0-301F-11D3-BF4B-00C04F79EFBC}") = "03.LexicographicallyFirst", "03.LexicographicallyFirst\03.LexicographicallyFirst.csproj", "{8034B26B-54E9-4F16-9E17-AD70C14D0F29}"
EndProject
Project("{FAE04EC0-301F-11D3-BF4B-00C04F79EFBC}") = "04.ConsecutiveEqualNumbers", "04.ConsecutiveEqualNumbers\04.ConsecutiveEqualNumbers.csproj", "{2DE785E5-0FD8-44F5-92A8-CB79E1E734AE}"
EndProject
Project("{FAE04EC0-301F-11D3-BF4B-00C04F79EFBC}") = "05.ConsecutiveIncreasingNumbers", "05.ConsecutiveIncreasingNumbers\05.ConsecutiveIncreasingNumbers.csproj", "{6045F294-FA65-4151-B3C4-9C81529C7E85}"
EndProject
Project("{FAE04EC0-301F-11D3-BF4B-00C04F79EFBC}") = "06.NonConsecutiveIncreasingNumbers", "06.NonConsecutiveIncreasingNumbers\06.NonConsecutiveIncreasingNumbers.csproj", "{F015FC06-5011-4E81-9F07-538450BE13BA}"
EndProject
Project("{FAE04EC0-301F-11D3-BF4B-00C04F79EFBC}") = "07.NElementsKSum", "07.NElementsKSum\07.NElementsKSum.csproj", "{E90D70D8-2463-4888-B025-4F718F3ADDC3}"
EndProject
Project("{FAE04EC0-301F-11D3-BF4B-00C04F79EFBC}") = "08.SelectionSort", "08.SelectionSort\08.SelectionSort.csproj", "{04C10B57-A19C-4519-BC96-CF0AAFD7EB32}"
EndProject
Project("{FAE04EC0-301F-11D3-BF4B-00C04F79EFBC}") = "09.MaxSumOfConsecutiveElements", "09.MaxSumOfConsecutiveElements\09.MaxSumOfConsecutiveElements.csproj", "{805F6401-345D-4F74-BC7D-2BF417C8C735}"
EndProject
Project("{FAE04EC0-301F-11D3-BF4B-00C04F79EFBC}") = "10.SumEqualToInput", "10.SumEqualToInput\10.SumEqualToInput.csproj", "{C9B535B2-38B7-466A-AA8A-FAEED3C580F7}"
EndProject
Project("{FAE04EC0-301F-11D3-BF4B-00C04F79EFBC}") = "11.MostFrequentElement", "11.MostFrequentElement\11.MostFrequentElement.csproj", "{0961CC9B-A1EA-4BCA-9AC9-5169E411FE90}"
EndProject
Project("{FAE04EC0-301F-11D3-BF4B-00C04F79EFBC}") = "12.MatrixA", "12.MatrixA\12.MatrixA.csproj", "{FFE614F0-06A7-4CDB-B1D1-A906E4CDC97F}"
EndProject
Project("{FAE04EC0-301F-11D3-BF4B-00C04F79EFBC}") = "12.MatrixB", "12.MatrixB\12.MatrixB.csproj", "{FB8DD353-5860-4A08-8315-96F8CDC9F120}"
EndProject
Project("{FAE04EC0-301F-11D3-BF4B-00C04F79EFBC}") = "12.MatrixC", "12.MatrixC\12.MatrixC.csproj", "{DB5128FD-7FCE-4625-8779-F9BB48AE0104}"
EndProject
Project("{FAE04EC0-301F-11D3-BF4B-00C04F79EFBC}") = "12.MatrixD", "12.MatrixD\12.MatrixD.csproj", "{0A61AE51-04C6-4060-B74B-C87C88A25967}"
EndProject
Project("{FAE04EC0-301F-11D3-BF4B-00C04F79EFBC}") = "16.BinarySearch", "16.BinarySearch\16.BinarySearch.csproj", "{5DC59B2F-411D-4D0F-9B2D-4CD7FCFFB531}"
EndProject
Project("{FAE04EC0-301F-11D3-BF4B-00C04F79EFBC}") = "13.MaxArea3x3", "13.MaxArea3x3\13.MaxArea3x3.csproj", "{C9BD20CC-F29F-49ED-9FD5-1518ED7576B4}"
EndProject
Project("{FAE04EC0-301F-11D3-BF4B-00C04F79EFBC}") = "14.StringMatrix", "14.StringMatrix\14.StringMatrix.csproj", "{0A4E00E2-5213-4F37-8B75-7317A3992416}"
EndProject
Project("{FAE04EC0-301F-11D3-BF4B-00C04F79EFBC}") = "15.AllLatinLetters", "15.AllLatinLetters\15.AllLatinLetters.csproj", "{C486FE00-F9A7-435A-91FC-2EE5DDCC77CB}"
EndProject
Project("{FAE04EC0-301F-11D3-BF4B-00C04F79EFBC}") = "17.MergeSort", "17.MergeSort\17.MergeSort.csproj", "{EEF04CA6-D84A-4BD9-B5D0-41281734918E}"
EndProject
Project("{FAE04EC0-301F-11D3-BF4B-00C04F79EFBC}") = "18.QuickSort", "18.QuickSort\18.QuickSort.csproj", "{7AEF5FF4-6284-4BB2-8682-8539983D5BA5}"
EndProject
Project("{FAE04EC0-301F-11D3-BF4B-00C04F79EFBC}") = "20.NSumS", "20.NSumS\20.NSumS.csproj", "{4D849307-BC2E-4BCE-BD72-56523E9A591A}"
EndProject
Global
	GlobalSection(SolutionConfigurationPlatforms) = preSolution
		Debug|Any CPU = Debug|Any CPU
		Release|Any CPU = Release|Any CPU
	EndGlobalSection
	GlobalSection(ProjectConfigurationPlatforms) = postSolution
		{D3ABD646-09D0-4811-BEB1-E0304F047FE1}.Debug|Any CPU.ActiveCfg = Debug|Any CPU
		{D3ABD646-09D0-4811-BEB1-E0304F047FE1}.Debug|Any CPU.Build.0 = Debug|Any CPU
		{D3ABD646-09D0-4811-BEB1-E0304F047FE1}.Release|Any CPU.ActiveCfg = Release|Any CPU
		{D3ABD646-09D0-4811-BEB1-E0304F047FE1}.Release|Any CPU.Build.0 = Release|Any CPU
		{8269EA54-E7BD-42AD-AB0F-8D282D43B4CB}.Debug|Any CPU.ActiveCfg = Debug|Any CPU
		{8269EA54-E7BD-42AD-AB0F-8D282D43B4CB}.Debug|Any CPU.Build.0 = Debug|Any CPU
		{8269EA54-E7BD-42AD-AB0F-8D282D43B4CB}.Release|Any CPU.ActiveCfg = Release|Any CPU
		{8269EA54-E7BD-42AD-AB0F-8D282D43B4CB}.Release|Any CPU.Build.0 = Release|Any CPU
		{8034B26B-54E9-4F16-9E17-AD70C14D0F29}.Debug|Any CPU.ActiveCfg = Debug|Any CPU
		{8034B26B-54E9-4F16-9E17-AD70C14D0F29}.Debug|Any CPU.Build.0 = Debug|Any CPU
		{8034B26B-54E9-4F16-9E17-AD70C14D0F29}.Release|Any CPU.ActiveCfg = Release|Any CPU
		{8034B26B-54E9-4F16-9E17-AD70C14D0F29}.Release|Any CPU.Build.0 = Release|Any CPU
		{2DE785E5-0FD8-44F5-92A8-CB79E1E734AE}.Debug|Any CPU.ActiveCfg = Debug|Any CPU
		{2DE785E5-0FD8-44F5-92A8-CB79E1E734AE}.Debug|Any CPU.Build.0 = Debug|Any CPU
		{2DE785E5-0FD8-44F5-92A8-CB79E1E734AE}.Release|Any CPU.ActiveCfg = Release|Any CPU
		{2DE785E5-0FD8-44F5-92A8-CB79E1E734AE}.Release|Any CPU.Build.0 = Release|Any CPU
		{6045F294-FA65-4151-B3C4-9C81529C7E85}.Debug|Any CPU.ActiveCfg = Debug|Any CPU
		{6045F294-FA65-4151-B3C4-9C81529C7E85}.Debug|Any CPU.Build.0 = Debug|Any CPU
		{6045F294-FA65-4151-B3C4-9C81529C7E85}.Release|Any CPU.ActiveCfg = Release|Any CPU
		{6045F294-FA65-4151-B3C4-9C81529C7E85}.Release|Any CPU.Build.0 = Release|Any CPU
		{F015FC06-5011-4E81-9F07-538450BE13BA}.Debug|Any CPU.ActiveCfg = Debug|Any CPU
		{F015FC06-5011-4E81-9F07-538450BE13BA}.Debug|Any CPU.Build.0 = Debug|Any CPU
		{F015FC06-5011-4E81-9F07-538450BE13BA}.Release|Any CPU.ActiveCfg = Release|Any CPU
		{F015FC06-5011-4E81-9F07-538450BE13BA}.Release|Any CPU.Build.0 = Release|Any CPU
		{E90D70D8-2463-4888-B025-4F718F3ADDC3}.Debug|Any CPU.ActiveCfg = Debug|Any CPU
		{E90D70D8-2463-4888-B025-4F718F3ADDC3}.Debug|Any CPU.Build.0 = Debug|Any CPU
		{E90D70D8-2463-4888-B025-4F718F3ADDC3}.Release|Any CPU.ActiveCfg = Release|Any CPU
		{E90D70D8-2463-4888-B025-4F718F3ADDC3}.Release|Any CPU.Build.0 = Release|Any CPU
		{04C10B57-A19C-4519-BC96-CF0AAFD7EB32}.Debug|Any CPU.ActiveCfg = Debug|Any CPU
		{04C10B57-A19C-4519-BC96-CF0AAFD7EB32}.Debug|Any CPU.Build.0 = Debug|Any CPU
		{04C10B57-A19C-4519-BC96-CF0AAFD7EB32}.Release|Any CPU.ActiveCfg = Release|Any CPU
		{04C10B57-A19C-4519-BC96-CF0AAFD7EB32}.Release|Any CPU.Build.0 = Release|Any CPU
		{805F6401-345D-4F74-BC7D-2BF417C8C735}.Debug|Any CPU.ActiveCfg = Debug|Any CPU
		{805F6401-345D-4F74-BC7D-2BF417C8C735}.Debug|Any CPU.Build.0 = Debug|Any CPU
		{805F6401-345D-4F74-BC7D-2BF417C8C735}.Release|Any CPU.ActiveCfg = Release|Any CPU
		{805F6401-345D-4F74-BC7D-2BF417C8C735}.Release|Any CPU.Build.0 = Release|Any CPU
		{C9B535B2-38B7-466A-AA8A-FAEED3C580F7}.Debug|Any CPU.ActiveCfg = Debug|Any CPU
		{C9B535B2-38B7-466A-AA8A-FAEED3C580F7}.Debug|Any CPU.Build.0 = Debug|Any CPU
		{C9B535B2-38B7-466A-AA8A-FAEED3C580F7}.Release|Any CPU.ActiveCfg = Release|Any CPU
		{C9B535B2-38B7-466A-AA8A-FAEED3C580F7}.Release|Any CPU.Build.0 = Release|Any CPU
		{0961CC9B-A1EA-4BCA-9AC9-5169E411FE90}.Debug|Any CPU.ActiveCfg = Debug|Any CPU
		{0961CC9B-A1EA-4BCA-9AC9-5169E411FE90}.Debug|Any CPU.Build.0 = Debug|Any CPU
		{0961CC9B-A1EA-4BCA-9AC9-5169E411FE90}.Release|Any CPU.ActiveCfg = Release|Any CPU
		{0961CC9B-A1EA-4BCA-9AC9-5169E411FE90}.Release|Any CPU.Build.0 = Release|Any CPU
		{FFE614F0-06A7-4CDB-B1D1-A906E4CDC97F}.Debug|Any CPU.ActiveCfg = Debug|Any CPU
		{FFE614F0-06A7-4CDB-B1D1-A906E4CDC97F}.Debug|Any CPU.Build.0 = Debug|Any CPU
		{FFE614F0-06A7-4CDB-B1D1-A906E4CDC97F}.Release|Any CPU.ActiveCfg = Release|Any CPU
		{FFE614F0-06A7-4CDB-B1D1-A906E4CDC97F}.Release|Any CPU.Build.0 = Release|Any CPU
		{FB8DD353-5860-4A08-8315-96F8CDC9F120}.Debug|Any CPU.ActiveCfg = Debug|Any CPU
		{FB8DD353-5860-4A08-8315-96F8CDC9F120}.Debug|Any CPU.Build.0 = Debug|Any CPU
		{FB8DD353-5860-4A08-8315-96F8CDC9F120}.Release|Any CPU.ActiveCfg = Release|Any CPU
		{FB8DD353-5860-4A08-8315-96F8CDC9F120}.Release|Any CPU.Build.0 = Release|Any CPU
		{DB5128FD-7FCE-4625-8779-F9BB48AE0104}.Debug|Any CPU.ActiveCfg = Debug|Any CPU
		{DB5128FD-7FCE-4625-8779-F9BB48AE0104}.Debug|Any CPU.Build.0 = Debug|Any CPU
		{DB5128FD-7FCE-4625-8779-F9BB48AE0104}.Release|Any CPU.ActiveCfg = Release|Any CPU
		{DB5128FD-7FCE-4625-8779-F9BB48AE0104}.Release|Any CPU.Build.0 = Release|Any CPU
		{0A61AE51-04C6-4060-B74B-C87C88A25967}.Debug|Any CPU.ActiveCfg = Debug|Any CPU
		{0A61AE51-04C6-4060-B74B-C87C88A25967}.Debug|Any CPU.Build.0 = Debug|Any CPU
		{0A61AE51-04C6-4060-B74B-C87C88A25967}.Release|Any CPU.ActiveCfg = Release|Any CPU
		{0A61AE51-04C6-4060-B74B-C87C88A25967}.Release|Any CPU.Build.0 = Release|Any CPU
		{5DC59B2F-411D-4D0F-9B2D-4CD7FCFFB531}.Debug|Any CPU.ActiveCfg = Debug|Any CPU
		{5DC59B2F-411D-4D0F-9B2D-4CD7FCFFB531}.Debug|Any CPU.Build.0 = Debug|Any CPU
		{5DC59B2F-411D-4D0F-9B2D-4CD7FCFFB531}.Release|Any CPU.ActiveCfg = Release|Any CPU
		{5DC59B2F-411D-4D0F-9B2D-4CD7FCFFB531}.Release|Any CPU.Build.0 = Release|Any CPU
		{C9BD20CC-F29F-49ED-9FD5-1518ED7576B4}.Debug|Any CPU.ActiveCfg = Debug|Any CPU
		{C9BD20CC-F29F-49ED-9FD5-1518ED7576B4}.Debug|Any CPU.Build.0 = Debug|Any CPU
		{C9BD20CC-F29F-49ED-9FD5-1518ED7576B4}.Release|Any CPU.ActiveCfg = Release|Any CPU
		{C9BD20CC-F29F-49ED-9FD5-1518ED7576B4}.Release|Any CPU.Build.0 = Release|Any CPU
		{0A4E00E2-5213-4F37-8B75-7317A3992416}.Debug|Any CPU.ActiveCfg = Debug|Any CPU
		{0A4E00E2-5213-4F37-8B75-7317A3992416}.Debug|Any CPU.Build.0 = Debug|Any CPU
		{0A4E00E2-5213-4F37-8B75-7317A3992416}.Release|Any CPU.ActiveCfg = Release|Any CPU
		{0A4E00E2-5213-4F37-8B75-7317A3992416}.Release|Any CPU.Build.0 = Release|Any CPU
		{C486FE00-F9A7-435A-91FC-2EE5DDCC77CB}.Debug|Any CPU.ActiveCfg = Debug|Any CPU
		{C486FE00-F9A7-435A-91FC-2EE5DDCC77CB}.Debug|Any CPU.Build.0 = Debug|Any CPU
		{C486FE00-F9A7-435A-91FC-2EE5DDCC77CB}.Release|Any CPU.ActiveCfg = Release|Any CPU
		{C486FE00-F9A7-435A-91FC-2EE5DDCC77CB}.Release|Any CPU.Build.0 = Release|Any CPU
		{EEF04CA6-D84A-4BD9-B5D0-41281734918E}.Debug|Any CPU.ActiveCfg = Debug|Any CPU
		{EEF04CA6-D84A-4BD9-B5D0-41281734918E}.Debug|Any CPU.Build.0 = Debug|Any CPU
		{EEF04CA6-D84A-4BD9-B5D0-41281734918E}.Release|Any CPU.ActiveCfg = Release|Any CPU
		{EEF04CA6-D84A-4BD9-B5D0-41281734918E}.Release|Any CPU.Build.0 = Release|Any CPU
		{7AEF5FF4-6284-4BB2-8682-8539983D5BA5}.Debug|Any CPU.ActiveCfg = Debug|Any CPU
		{7AEF5FF4-6284-4BB2-8682-8539983D5BA5}.Debug|Any CPU.Build.0 = Debug|Any CPU
		{7AEF5FF4-6284-4BB2-8682-8539983D5BA5}.Release|Any CPU.ActiveCfg = Release|Any CPU
		{7AEF5FF4-6284-4BB2-8682-8539983D5BA5}.Release|Any CPU.Build.0 = Release|Any CPU
		{4D849307-BC2E-4BCE-BD72-56523E9A591A}.Debug|Any CPU.ActiveCfg = Debug|Any CPU
		{4D849307-BC2E-4BCE-BD72-56523E9A591A}.Debug|Any CPU.Build.0 = Debug|Any CPU
		{4D849307-BC2E-4BCE-BD72-56523E9A591A}.Release|Any CPU.ActiveCfg = Release|Any CPU
		{4D849307-BC2E-4BCE-BD72-56523E9A591A}.Release|Any CPU.Build.0 = Release|Any CPU
	EndGlobalSection
	GlobalSection(SolutionProperties) = preSolution
		HideSolutionNode = FALSE
	EndGlobalSection
EndGlobal
