
Microsoft Visual Studio Solution File, Format Version 12.00
# Visual Studio 14
VisualStudioVersion = 14.0.25420.1
MinimumVisualStudioVersion = 10.0.40219.1
Project("{FAE04EC0-301F-11D3-BF4B-00C04F79EFBC}") = "01.SumAndAverage", "01.SumAndAverage\01.SumAndAverage.csproj", "{E910F6F8-9D7F-4DB2-9E73-8B7A411F9815}"
EndProject
Project("{FAE04EC0-301F-11D3-BF4B-00C04F79EFBC}") = "02.ReverseWithStack", "02.ReverseWithStack\02.ReverseWithStack.csproj", "{0D510C6C-F8AA-425F-8714-A37755E197E4}"
EndProject
Project("{FAE04EC0-301F-11D3-BF4B-00C04F79EFBC}") = "03.SortNumbersAscending", "03.SortNumbersAscending\03.SortNumbersAscending.csproj", "{4995B666-E06B-4E84-B13C-BC78A0BC37AB}"
EndProject
Project("{FAE04EC0-301F-11D3-BF4B-00C04F79EFBC}") = "04.LongestSequenceOfEqualNumbers", "04.LongestSequenceOfEqualNumbers\04.LongestSequenceOfEqualNumbers.csproj", "{5A8FD540-7436-4903-8119-6C0A1F7E0925}"
EndProject
Project("{FAE04EC0-301F-11D3-BF4B-00C04F79EFBC}") = "05.RemoveNegativeNumbers", "05.RemoveNegativeNumbers\05.RemoveNegativeNumbers.csproj", "{26277B6C-F973-44E8-9051-356C580CE754}"
EndProject
Project("{FAE04EC0-301F-11D3-BF4B-00C04F79EFBC}") = "06.RemoveAllOddOccurences", "06.RemoveAllOddOccurences\06.RemoveAllOddOccurences.csproj", "{EF7D0B63-14E9-4BB7-8CD4-7CD42AFE8725}"
EndProject
Project("{FAE04EC0-301F-11D3-BF4B-00C04F79EFBC}") = "07.OccurenceCount", "07.OccurenceCount\07.OccurenceCount.csproj", "{5066B652-3C5F-482A-9E69-FBBF6E4E89ED}"
EndProject
Project("{FAE04EC0-301F-11D3-BF4B-00C04F79EFBC}") = "08.MajorElement", "08.MajorElement\08.MajorElement.csproj", "{25B629B9-F3DC-46EB-A562-23AF853BACBB}"
EndProject
Project("{FAE04EC0-301F-11D3-BF4B-00C04F79EFBC}") = "09.GenerateSequence", "GenerateSequence\09.GenerateSequence.csproj", "{C4EC575A-516C-4B1C-A085-4E5E5F2606ED}"
EndProject
Project("{FAE04EC0-301F-11D3-BF4B-00C04F79EFBC}") = "10.ShortestOperationsSequence", "10.ShortestOperationsSequence\10.ShortestOperationsSequence.csproj", "{1C12CB4E-1CD0-440F-AF33-DDB04ED98F15}"
EndProject
Project("{FAE04EC0-301F-11D3-BF4B-00C04F79EFBC}") = "11.DoublyLinkedList", "11.DoublyLinkedList\11.DoublyLinkedList.csproj", "{14ADFE82-FE0E-432E-8839-2C56BAA0AB31}"
EndProject
Project("{FAE04EC0-301F-11D3-BF4B-00C04F79EFBC}") = "12.DynamicStack", "12.DynamicStack\12.DynamicStack.csproj", "{72F4E15D-CDD7-453C-B6D7-D838CA1E956E}"
EndProject
Project("{FAE04EC0-301F-11D3-BF4B-00C04F79EFBC}") = "13.DoubleEndedQueue", "13.DoubleEndedQueue\13.DoubleEndedQueue.csproj", "{EE60F124-59C7-4C41-BCB9-CBBAD689DB26}"
EndProject
Project("{FAE04EC0-301F-11D3-BF4B-00C04F79EFBC}") = "14.StaticQueue", "14.StaticQueue\14.StaticQueue.csproj", "{F96F466F-C9B6-484A-AF08-838E076FC3B4}"
EndProject
Project("{FAE04EC0-301F-11D3-BF4B-00C04F79EFBC}") = "15.SortLinkedList", "15.SortLinkedList\15.SortLinkedList.csproj", "{C6ED7955-31CC-49E1-97B2-73C5E5CA5578}"
EndProject
Project("{FAE04EC0-301F-11D3-BF4B-00C04F79EFBC}") = "16.DirectoriesBreadthFirst", "16.DirectoriesBreadthFirst\16.DirectoriesBreadthFirst.csproj", "{3CE36875-5991-46EB-AD5B-0282A7659868}"
EndProject
Project("{FAE04EC0-301F-11D3-BF4B-00C04F79EFBC}") = "17.DirectoriesDepthFirst", "17.DirectoriesDepthFirst\17.DirectoriesDepthFirst.csproj", "{BC906DE2-0BFA-465A-8076-763D8F4E3EFD}"
EndProject
Project("{FAE04EC0-301F-11D3-BF4B-00C04F79EFBC}") = "18.ShortestPaths", "18.ShortestPaths\18.ShortestPaths.csproj", "{6986D044-460D-4762-9E42-DBD89240054D}"
EndProject
Global
	GlobalSection(SolutionConfigurationPlatforms) = preSolution
		Debug|Any CPU = Debug|Any CPU
		Release|Any CPU = Release|Any CPU
	EndGlobalSection
	GlobalSection(ProjectConfigurationPlatforms) = postSolution
		{E910F6F8-9D7F-4DB2-9E73-8B7A411F9815}.Debug|Any CPU.ActiveCfg = Debug|Any CPU
		{E910F6F8-9D7F-4DB2-9E73-8B7A411F9815}.Debug|Any CPU.Build.0 = Debug|Any CPU
		{E910F6F8-9D7F-4DB2-9E73-8B7A411F9815}.Release|Any CPU.ActiveCfg = Release|Any CPU
		{E910F6F8-9D7F-4DB2-9E73-8B7A411F9815}.Release|Any CPU.Build.0 = Release|Any CPU
		{0D510C6C-F8AA-425F-8714-A37755E197E4}.Debug|Any CPU.ActiveCfg = Debug|Any CPU
		{0D510C6C-F8AA-425F-8714-A37755E197E4}.Debug|Any CPU.Build.0 = Debug|Any CPU
		{0D510C6C-F8AA-425F-8714-A37755E197E4}.Release|Any CPU.ActiveCfg = Release|Any CPU
		{0D510C6C-F8AA-425F-8714-A37755E197E4}.Release|Any CPU.Build.0 = Release|Any CPU
		{4995B666-E06B-4E84-B13C-BC78A0BC37AB}.Debug|Any CPU.ActiveCfg = Debug|Any CPU
		{4995B666-E06B-4E84-B13C-BC78A0BC37AB}.Debug|Any CPU.Build.0 = Debug|Any CPU
		{4995B666-E06B-4E84-B13C-BC78A0BC37AB}.Release|Any CPU.ActiveCfg = Release|Any CPU
		{4995B666-E06B-4E84-B13C-BC78A0BC37AB}.Release|Any CPU.Build.0 = Release|Any CPU
		{5A8FD540-7436-4903-8119-6C0A1F7E0925}.Debug|Any CPU.ActiveCfg = Debug|Any CPU
		{5A8FD540-7436-4903-8119-6C0A1F7E0925}.Debug|Any CPU.Build.0 = Debug|Any CPU
		{5A8FD540-7436-4903-8119-6C0A1F7E0925}.Release|Any CPU.ActiveCfg = Release|Any CPU
		{5A8FD540-7436-4903-8119-6C0A1F7E0925}.Release|Any CPU.Build.0 = Release|Any CPU
		{26277B6C-F973-44E8-9051-356C580CE754}.Debug|Any CPU.ActiveCfg = Debug|Any CPU
		{26277B6C-F973-44E8-9051-356C580CE754}.Debug|Any CPU.Build.0 = Debug|Any CPU
		{26277B6C-F973-44E8-9051-356C580CE754}.Release|Any CPU.ActiveCfg = Release|Any CPU
		{26277B6C-F973-44E8-9051-356C580CE754}.Release|Any CPU.Build.0 = Release|Any CPU
		{EF7D0B63-14E9-4BB7-8CD4-7CD42AFE8725}.Debug|Any CPU.ActiveCfg = Debug|Any CPU
		{EF7D0B63-14E9-4BB7-8CD4-7CD42AFE8725}.Debug|Any CPU.Build.0 = Debug|Any CPU
		{EF7D0B63-14E9-4BB7-8CD4-7CD42AFE8725}.Release|Any CPU.ActiveCfg = Release|Any CPU
		{EF7D0B63-14E9-4BB7-8CD4-7CD42AFE8725}.Release|Any CPU.Build.0 = Release|Any CPU
		{5066B652-3C5F-482A-9E69-FBBF6E4E89ED}.Debug|Any CPU.ActiveCfg = Debug|Any CPU
		{5066B652-3C5F-482A-9E69-FBBF6E4E89ED}.Debug|Any CPU.Build.0 = Debug|Any CPU
		{5066B652-3C5F-482A-9E69-FBBF6E4E89ED}.Release|Any CPU.ActiveCfg = Release|Any CPU
		{5066B652-3C5F-482A-9E69-FBBF6E4E89ED}.Release|Any CPU.Build.0 = Release|Any CPU
		{25B629B9-F3DC-46EB-A562-23AF853BACBB}.Debug|Any CPU.ActiveCfg = Debug|Any CPU
		{25B629B9-F3DC-46EB-A562-23AF853BACBB}.Debug|Any CPU.Build.0 = Debug|Any CPU
		{25B629B9-F3DC-46EB-A562-23AF853BACBB}.Release|Any CPU.ActiveCfg = Release|Any CPU
		{25B629B9-F3DC-46EB-A562-23AF853BACBB}.Release|Any CPU.Build.0 = Release|Any CPU
		{C4EC575A-516C-4B1C-A085-4E5E5F2606ED}.Debug|Any CPU.ActiveCfg = Debug|Any CPU
		{C4EC575A-516C-4B1C-A085-4E5E5F2606ED}.Debug|Any CPU.Build.0 = Debug|Any CPU
		{C4EC575A-516C-4B1C-A085-4E5E5F2606ED}.Release|Any CPU.ActiveCfg = Release|Any CPU
		{C4EC575A-516C-4B1C-A085-4E5E5F2606ED}.Release|Any CPU.Build.0 = Release|Any CPU
		{1C12CB4E-1CD0-440F-AF33-DDB04ED98F15}.Debug|Any CPU.ActiveCfg = Debug|Any CPU
		{1C12CB4E-1CD0-440F-AF33-DDB04ED98F15}.Debug|Any CPU.Build.0 = Debug|Any CPU
		{1C12CB4E-1CD0-440F-AF33-DDB04ED98F15}.Release|Any CPU.ActiveCfg = Release|Any CPU
		{1C12CB4E-1CD0-440F-AF33-DDB04ED98F15}.Release|Any CPU.Build.0 = Release|Any CPU
		{14ADFE82-FE0E-432E-8839-2C56BAA0AB31}.Debug|Any CPU.ActiveCfg = Debug|Any CPU
		{14ADFE82-FE0E-432E-8839-2C56BAA0AB31}.Debug|Any CPU.Build.0 = Debug|Any CPU
		{14ADFE82-FE0E-432E-8839-2C56BAA0AB31}.Release|Any CPU.ActiveCfg = Release|Any CPU
		{14ADFE82-FE0E-432E-8839-2C56BAA0AB31}.Release|Any CPU.Build.0 = Release|Any CPU
		{72F4E15D-CDD7-453C-B6D7-D838CA1E956E}.Debug|Any CPU.ActiveCfg = Debug|Any CPU
		{72F4E15D-CDD7-453C-B6D7-D838CA1E956E}.Debug|Any CPU.Build.0 = Debug|Any CPU
		{72F4E15D-CDD7-453C-B6D7-D838CA1E956E}.Release|Any CPU.ActiveCfg = Release|Any CPU
		{72F4E15D-CDD7-453C-B6D7-D838CA1E956E}.Release|Any CPU.Build.0 = Release|Any CPU
		{EE60F124-59C7-4C41-BCB9-CBBAD689DB26}.Debug|Any CPU.ActiveCfg = Debug|Any CPU
		{EE60F124-59C7-4C41-BCB9-CBBAD689DB26}.Debug|Any CPU.Build.0 = Debug|Any CPU
		{EE60F124-59C7-4C41-BCB9-CBBAD689DB26}.Release|Any CPU.ActiveCfg = Release|Any CPU
		{EE60F124-59C7-4C41-BCB9-CBBAD689DB26}.Release|Any CPU.Build.0 = Release|Any CPU
		{F96F466F-C9B6-484A-AF08-838E076FC3B4}.Debug|Any CPU.ActiveCfg = Debug|Any CPU
		{F96F466F-C9B6-484A-AF08-838E076FC3B4}.Debug|Any CPU.Build.0 = Debug|Any CPU
		{F96F466F-C9B6-484A-AF08-838E076FC3B4}.Release|Any CPU.ActiveCfg = Release|Any CPU
		{F96F466F-C9B6-484A-AF08-838E076FC3B4}.Release|Any CPU.Build.0 = Release|Any CPU
		{C6ED7955-31CC-49E1-97B2-73C5E5CA5578}.Debug|Any CPU.ActiveCfg = Debug|Any CPU
		{C6ED7955-31CC-49E1-97B2-73C5E5CA5578}.Debug|Any CPU.Build.0 = Debug|Any CPU
		{C6ED7955-31CC-49E1-97B2-73C5E5CA5578}.Release|Any CPU.ActiveCfg = Release|Any CPU
		{C6ED7955-31CC-49E1-97B2-73C5E5CA5578}.Release|Any CPU.Build.0 = Release|Any CPU
		{3CE36875-5991-46EB-AD5B-0282A7659868}.Debug|Any CPU.ActiveCfg = Debug|Any CPU
		{3CE36875-5991-46EB-AD5B-0282A7659868}.Debug|Any CPU.Build.0 = Debug|Any CPU
		{3CE36875-5991-46EB-AD5B-0282A7659868}.Release|Any CPU.ActiveCfg = Release|Any CPU
		{3CE36875-5991-46EB-AD5B-0282A7659868}.Release|Any CPU.Build.0 = Release|Any CPU
		{BC906DE2-0BFA-465A-8076-763D8F4E3EFD}.Debug|Any CPU.ActiveCfg = Debug|Any CPU
		{BC906DE2-0BFA-465A-8076-763D8F4E3EFD}.Debug|Any CPU.Build.0 = Debug|Any CPU
		{BC906DE2-0BFA-465A-8076-763D8F4E3EFD}.Release|Any CPU.ActiveCfg = Release|Any CPU
		{BC906DE2-0BFA-465A-8076-763D8F4E3EFD}.Release|Any CPU.Build.0 = Release|Any CPU
		{6986D044-460D-4762-9E42-DBD89240054D}.Debug|Any CPU.ActiveCfg = Debug|Any CPU
		{6986D044-460D-4762-9E42-DBD89240054D}.Debug|Any CPU.Build.0 = Debug|Any CPU
		{6986D044-460D-4762-9E42-DBD89240054D}.Release|Any CPU.ActiveCfg = Release|Any CPU
		{6986D044-460D-4762-9E42-DBD89240054D}.Release|Any CPU.Build.0 = Release|Any CPU
	EndGlobalSection
	GlobalSection(SolutionProperties) = preSolution
		HideSolutionNode = FALSE
	EndGlobalSection
EndGlobal
