
Microsoft Visual Studio Solution File, Format Version 12.00
# Visual Studio 14
VisualStudioVersion = 14.0.25420.1
MinimumVisualStudioVersion = 10.0.40219.1
Project("{FAE04EC0-301F-11D3-BF4B-00C04F79EFBC}") = "01.LeapYear", "01.LeapYear\01.LeapYear.csproj", "{16C98CD4-4EA6-4609-A9E3-FA14121610A8}"
EndProject
Project("{FAE04EC0-301F-11D3-BF4B-00C04F79EFBC}") = "02.RandomNumbers", "02.RandomNumbers\02.RandomNumbers.csproj", "{F7ADC644-6775-4BED-9BAE-EEE057783CEF}"
EndProject
Project("{FAE04EC0-301F-11D3-BF4B-00C04F79EFBC}") = "03.DayOfWeek", "03.DayOfWeek\03.DayOfWeek.csproj", "{0F696599-9441-4F95-823E-97681B2BE9EA}"
EndProject
Project("{FAE04EC0-301F-11D3-BF4B-00C04F79EFBC}") = "04.TimeSinceStarted", "04.TimeSinceStarted\04.TimeSinceStarted.csproj", "{9DBBA033-91F7-412B-A05F-9269D9A2C122}"
EndProject
Project("{FAE04EC0-301F-11D3-BF4B-00C04F79EFBC}") = "05.Hypotenuse", "05.Hypotenuse\05.Hypotenuse.csproj", "{88748D02-A3F6-4A52-BEFF-1E9FFD17DE2B}"
EndProject
Project("{FAE04EC0-301F-11D3-BF4B-00C04F79EFBC}") = "09.WorkDays", "09.WorkDays\09.WorkDays.csproj", "{73CD0300-27BB-445B-AA1C-CB7F49F6AE18}"
EndProject
Global
	GlobalSection(SolutionConfigurationPlatforms) = preSolution
		Debug|Any CPU = Debug|Any CPU
		Release|Any CPU = Release|Any CPU
	EndGlobalSection
	GlobalSection(ProjectConfigurationPlatforms) = postSolution
		{16C98CD4-4EA6-4609-A9E3-FA14121610A8}.Debug|Any CPU.ActiveCfg = Debug|Any CPU
		{16C98CD4-4EA6-4609-A9E3-FA14121610A8}.Debug|Any CPU.Build.0 = Debug|Any CPU
		{16C98CD4-4EA6-4609-A9E3-FA14121610A8}.Release|Any CPU.ActiveCfg = Release|Any CPU
		{16C98CD4-4EA6-4609-A9E3-FA14121610A8}.Release|Any CPU.Build.0 = Release|Any CPU
		{F7ADC644-6775-4BED-9BAE-EEE057783CEF}.Debug|Any CPU.ActiveCfg = Debug|Any CPU
		{F7ADC644-6775-4BED-9BAE-EEE057783CEF}.Debug|Any CPU.Build.0 = Debug|Any CPU
		{F7ADC644-6775-4BED-9BAE-EEE057783CEF}.Release|Any CPU.ActiveCfg = Release|Any CPU
		{F7ADC644-6775-4BED-9BAE-EEE057783CEF}.Release|Any CPU.Build.0 = Release|Any CPU
		{0F696599-9441-4F95-823E-97681B2BE9EA}.Debug|Any CPU.ActiveCfg = Debug|Any CPU
		{0F696599-9441-4F95-823E-97681B2BE9EA}.Debug|Any CPU.Build.0 = Debug|Any CPU
		{0F696599-9441-4F95-823E-97681B2BE9EA}.Release|Any CPU.ActiveCfg = Release|Any CPU
		{0F696599-9441-4F95-823E-97681B2BE9EA}.Release|Any CPU.Build.0 = Release|Any CPU
		{9DBBA033-91F7-412B-A05F-9269D9A2C122}.Debug|Any CPU.ActiveCfg = Debug|Any CPU
		{9DBBA033-91F7-412B-A05F-9269D9A2C122}.Debug|Any CPU.Build.0 = Debug|Any CPU
		{9DBBA033-91F7-412B-A05F-9269D9A2C122}.Release|Any CPU.ActiveCfg = Release|Any CPU
		{9DBBA033-91F7-412B-A05F-9269D9A2C122}.Release|Any CPU.Build.0 = Release|Any CPU
		{88748D02-A3F6-4A52-BEFF-1E9FFD17DE2B}.Debug|Any CPU.ActiveCfg = Debug|Any CPU
		{88748D02-A3F6-4A52-BEFF-1E9FFD17DE2B}.Debug|Any CPU.Build.0 = Debug|Any CPU
		{88748D02-A3F6-4A52-BEFF-1E9FFD17DE2B}.Release|Any CPU.ActiveCfg = Release|Any CPU
		{88748D02-A3F6-4A52-BEFF-1E9FFD17DE2B}.Release|Any CPU.Build.0 = Release|Any CPU
		{73CD0300-27BB-445B-AA1C-CB7F49F6AE18}.Debug|Any CPU.ActiveCfg = Debug|Any CPU
		{73CD0300-27BB-445B-AA1C-CB7F49F6AE18}.Debug|Any CPU.Build.0 = Debug|Any CPU
		{73CD0300-27BB-445B-AA1C-CB7F49F6AE18}.Release|Any CPU.ActiveCfg = Release|Any CPU
		{73CD0300-27BB-445B-AA1C-CB7F49F6AE18}.Release|Any CPU.Build.0 = Release|Any CPU
	EndGlobalSection
	GlobalSection(SolutionProperties) = preSolution
		HideSolutionNode = FALSE
	EndGlobalSection
EndGlobal
