
Microsoft Visual Studio Solution File, Format Version 12.00
# Visual Studio 14
VisualStudioVersion = 14.0.25123.0
MinimumVisualStudioVersion = 10.0.40219.1
Project("{FAE04EC0-301F-11D3-BF4B-00C04F79EFBC}") = "eighthProblem", "eighthProblem\eighthProblem.csproj", "{8F848222-E766-40B6-8A0E-86B3A00BDAEF}"
EndProject
Global
	GlobalSection(SolutionConfigurationPlatforms) = preSolution
		Debug|Any CPU = Debug|Any CPU
		Release|Any CPU = Release|Any CPU
	EndGlobalSection
	GlobalSection(ProjectConfigurationPlatforms) = postSolution
		{8F848222-E766-40B6-8A0E-86B3A00BDAEF}.Debug|Any CPU.ActiveCfg = Debug|Any CPU
		{8F848222-E766-40B6-8A0E-86B3A00BDAEF}.Debug|Any CPU.Build.0 = Debug|Any CPU
		{8F848222-E766-40B6-8A0E-86B3A00BDAEF}.Release|Any CPU.ActiveCfg = Release|Any CPU
		{8F848222-E766-40B6-8A0E-86B3A00BDAEF}.Release|Any CPU.Build.0 = Release|Any CPU
	EndGlobalSection
	GlobalSection(SolutionProperties) = preSolution
		HideSolutionNode = FALSE
	EndGlobalSection
EndGlobal
