
Microsoft Visual Studio Solution File, Format Version 12.00
# Visual Studio 15
VisualStudioVersion = 15.0.26730.16
MinimumVisualStudioVersion = 10.0.40219.1
Project("{FAE04EC0-301F-11D3-BF4B-00C04F79EFBC}") = "01.NumberOccurences", "01.NumberOccurences\01.NumberOccurences.csproj", "{C98B3979-7DF8-44CD-83D8-F1C95B5CB90F}"
EndProject
Project("{FAE04EC0-301F-11D3-BF4B-00C04F79EFBC}") = "02.SubtreesWithKChildren", "02.SubtreesWithKChildren\02.SubtreesWithKChildren.csproj", "{D5F5ABE3-9CC8-4A8C-A746-560B5A7FB0A2}"
EndProject
Project("{FAE04EC0-301F-11D3-BF4B-00C04F79EFBC}") = "03.InnerEdgesAndLeasfs", "03.InnerEdgesAndLeasfs\03.InnerEdgesAndLeasfs.csproj", "{3FCC00DB-CE7C-4EC9-A7C8-AECF703AB49A}"
EndProject
Project("{FAE04EC0-301F-11D3-BF4B-00C04F79EFBC}") = "04.BinaryTreeNodeSumByLevel", "04.BinaryTreeNodeSumByLevel\04.BinaryTreeNodeSumByLevel.csproj", "{56C89F6D-FB14-4921-B4BF-05CCC91D69E0}"
EndProject
Project("{FAE04EC0-301F-11D3-BF4B-00C04F79EFBC}") = "05.NodesWithLeafChildren", "05.NodesWithLeafChildren\05.NodesWithLeafChildren.csproj", "{36EA9BE5-2323-441C-9B79-3F82EFD2EF81}"
EndProject
Project("{FAE04EC0-301F-11D3-BF4B-00C04F79EFBC}") = "06.CheckForBalance", "06.CheckForBalance\06.CheckForBalance.csproj", "{D06E0E39-0710-4BD3-B928-8AEAB673228F}"
EndProject
Project("{FAE04EC0-301F-11D3-BF4B-00C04F79EFBC}") = "07.ShortestPathInAGraph", "07.ShortestPathInAGraph\07.ShortestPathInAGraph.csproj", "{6D9C51C2-3E61-4890-BBE5-C98A64F77E50}"
EndProject
Project("{FAE04EC0-301F-11D3-BF4B-00C04F79EFBC}") = "08.CheckForCycles", "08.CheckForCycles\08.CheckForCycles.csproj", "{B664FBB9-8E82-4F69-9A70-CD5B9159E209}"
EndProject
Project("{FAE04EC0-301F-11D3-BF4B-00C04F79EFBC}") = "09.DepthFirstSearch", "09.DepthFirstSearch\09.DepthFirstSearch.csproj", "{4E8FDE2C-D650-4578-A356-73E86ABD7DB6}"
EndProject
Global
	GlobalSection(SolutionConfigurationPlatforms) = preSolution
		Debug|Any CPU = Debug|Any CPU
		Release|Any CPU = Release|Any CPU
	EndGlobalSection
	GlobalSection(ProjectConfigurationPlatforms) = postSolution
		{C98B3979-7DF8-44CD-83D8-F1C95B5CB90F}.Debug|Any CPU.ActiveCfg = Debug|Any CPU
		{C98B3979-7DF8-44CD-83D8-F1C95B5CB90F}.Debug|Any CPU.Build.0 = Debug|Any CPU
		{C98B3979-7DF8-44CD-83D8-F1C95B5CB90F}.Release|Any CPU.ActiveCfg = Release|Any CPU
		{C98B3979-7DF8-44CD-83D8-F1C95B5CB90F}.Release|Any CPU.Build.0 = Release|Any CPU
		{D5F5ABE3-9CC8-4A8C-A746-560B5A7FB0A2}.Debug|Any CPU.ActiveCfg = Debug|Any CPU
		{D5F5ABE3-9CC8-4A8C-A746-560B5A7FB0A2}.Debug|Any CPU.Build.0 = Debug|Any CPU
		{D5F5ABE3-9CC8-4A8C-A746-560B5A7FB0A2}.Release|Any CPU.ActiveCfg = Release|Any CPU
		{D5F5ABE3-9CC8-4A8C-A746-560B5A7FB0A2}.Release|Any CPU.Build.0 = Release|Any CPU
		{3FCC00DB-CE7C-4EC9-A7C8-AECF703AB49A}.Debug|Any CPU.ActiveCfg = Debug|Any CPU
		{3FCC00DB-CE7C-4EC9-A7C8-AECF703AB49A}.Debug|Any CPU.Build.0 = Debug|Any CPU
		{3FCC00DB-CE7C-4EC9-A7C8-AECF703AB49A}.Release|Any CPU.ActiveCfg = Release|Any CPU
		{3FCC00DB-CE7C-4EC9-A7C8-AECF703AB49A}.Release|Any CPU.Build.0 = Release|Any CPU
		{56C89F6D-FB14-4921-B4BF-05CCC91D69E0}.Debug|Any CPU.ActiveCfg = Debug|Any CPU
		{56C89F6D-FB14-4921-B4BF-05CCC91D69E0}.Debug|Any CPU.Build.0 = Debug|Any CPU
		{56C89F6D-FB14-4921-B4BF-05CCC91D69E0}.Release|Any CPU.ActiveCfg = Release|Any CPU
		{56C89F6D-FB14-4921-B4BF-05CCC91D69E0}.Release|Any CPU.Build.0 = Release|Any CPU
		{36EA9BE5-2323-441C-9B79-3F82EFD2EF81}.Debug|Any CPU.ActiveCfg = Debug|Any CPU
		{36EA9BE5-2323-441C-9B79-3F82EFD2EF81}.Debug|Any CPU.Build.0 = Debug|Any CPU
		{36EA9BE5-2323-441C-9B79-3F82EFD2EF81}.Release|Any CPU.ActiveCfg = Release|Any CPU
		{36EA9BE5-2323-441C-9B79-3F82EFD2EF81}.Release|Any CPU.Build.0 = Release|Any CPU
		{D06E0E39-0710-4BD3-B928-8AEAB673228F}.Debug|Any CPU.ActiveCfg = Debug|Any CPU
		{D06E0E39-0710-4BD3-B928-8AEAB673228F}.Debug|Any CPU.Build.0 = Debug|Any CPU
		{D06E0E39-0710-4BD3-B928-8AEAB673228F}.Release|Any CPU.ActiveCfg = Release|Any CPU
		{D06E0E39-0710-4BD3-B928-8AEAB673228F}.Release|Any CPU.Build.0 = Release|Any CPU
		{6D9C51C2-3E61-4890-BBE5-C98A64F77E50}.Debug|Any CPU.ActiveCfg = Debug|Any CPU
		{6D9C51C2-3E61-4890-BBE5-C98A64F77E50}.Debug|Any CPU.Build.0 = Debug|Any CPU
		{6D9C51C2-3E61-4890-BBE5-C98A64F77E50}.Release|Any CPU.ActiveCfg = Release|Any CPU
		{6D9C51C2-3E61-4890-BBE5-C98A64F77E50}.Release|Any CPU.Build.0 = Release|Any CPU
		{B664FBB9-8E82-4F69-9A70-CD5B9159E209}.Debug|Any CPU.ActiveCfg = Debug|Any CPU
		{B664FBB9-8E82-4F69-9A70-CD5B9159E209}.Debug|Any CPU.Build.0 = Debug|Any CPU
		{B664FBB9-8E82-4F69-9A70-CD5B9159E209}.Release|Any CPU.ActiveCfg = Release|Any CPU
		{B664FBB9-8E82-4F69-9A70-CD5B9159E209}.Release|Any CPU.Build.0 = Release|Any CPU
		{4E8FDE2C-D650-4578-A356-73E86ABD7DB6}.Debug|Any CPU.ActiveCfg = Debug|Any CPU
		{4E8FDE2C-D650-4578-A356-73E86ABD7DB6}.Debug|Any CPU.Build.0 = Debug|Any CPU
		{4E8FDE2C-D650-4578-A356-73E86ABD7DB6}.Release|Any CPU.ActiveCfg = Release|Any CPU
		{4E8FDE2C-D650-4578-A356-73E86ABD7DB6}.Release|Any CPU.Build.0 = Release|Any CPU
	EndGlobalSection
	GlobalSection(SolutionProperties) = preSolution
		HideSolutionNode = FALSE
	EndGlobalSection
	GlobalSection(ExtensibilityGlobals) = postSolution
		SolutionGuid = {08FFC9E4-408B-4C9F-8913-635E6172E9D7}
	EndGlobalSection
EndGlobal
